
Microsoft Visual Studio Solution File, Format Version 12.00
# Visual Studio Version 16
VisualStudioVersion = 16.0.29709.97
MinimumVisualStudioVersion = 10.0.40219.1
Project("{2150E333-8FDC-42A3-9474-1A3956D46DE8}") = "Strategy", "Strategy", "{CA8A4613-EB56-440D-A6D3-4C63524C70C7}"
EndProject
Project("{9A19103F-16F7-4668-BE54-9A1E7A4F7556}") = "Strategy.LoanCalculator.Start", "Strategy\Strategy.LoanCalculator.Start\Strategy.LoanCalculator.Start.csproj", "{E1E48DA9-F065-4D64-B16C-F462EAF55313}"
EndProject
Project("{9A19103F-16F7-4668-BE54-9A1E7A4F7556}") = "Strategy.LoanCalculator.Start.Tests", "Strategy\Strategy.LoanCalculator.Start.Tests\Strategy.LoanCalculator.Start.Tests.csproj", "{91F59BF3-D993-4C33-8EF5-237474210405}"
EndProject
Project("{9A19103F-16F7-4668-BE54-9A1E7A4F7556}") = "Strategy.LoanCalculator.Finish", "Strategy\Strategy.LoanCalculator.Finish\Strategy.LoanCalculator.Finish.csproj", "{862539B9-5140-4A66-9A76-FBE7F5B0DE2F}"
EndProject
Project("{9A19103F-16F7-4668-BE54-9A1E7A4F7556}") = "Strategy.LoanCalculator.Finish.Tests", "Strategy\Strategy.LoanCalculator.Finish.Tests\Strategy.LoanCalculator.Finish.Tests.csproj", "{2439F978-155F-456E-A182-7F346509A024}"
EndProject
Project("{2150E333-8FDC-42A3-9474-1A3956D46DE8}") = "State", "State", "{DA1A489D-3E47-439F-ADF2-EAB0244C039F}"
EndProject
Project("{9A19103F-16F7-4668-BE54-9A1E7A4F7556}") = "State.PermissionControl.Start", "State\State.PermissionControl.Start\State.PermissionControl.Start.csproj", "{429CE9D4-6AE3-4DB5-AF4B-D695631AF202}"
EndProject
Project("{9A19103F-16F7-4668-BE54-9A1E7A4F7556}") = "State.PermissionControl.Start.Tests", "State\State.PermissionControl.Start.Tests\State.PermissionControl.Start.Tests.csproj", "{8FE31DA6-70D6-4801-8266-15CC49187ACF}"
EndProject
Project("{9A19103F-16F7-4668-BE54-9A1E7A4F7556}") = "State.PermissionControl.Finish", "State\State.PermissionControl.Finish\State.PermissionControl.Finish.csproj", "{EFC20B1E-71A4-4D24-9139-2BBB5488826D}"
EndProject
Project("{9A19103F-16F7-4668-BE54-9A1E7A4F7556}") = "State.PermissionControl.Finish.Tests", "State\State.PermissionControl.Finish.Tests\State.PermissionControl.Finish.Tests.csproj", "{81ABE766-C094-4974-A1A9-58B0952A5547}"
EndProject
Project("{2150E333-8FDC-42A3-9474-1A3956D46DE8}") = "Command", "Command", "{CBCBCCF0-ED40-4987-B27F-FF62CF20D6F8}"
EndProject
Project("{FAE04EC0-301F-11D3-BF4B-00C04F79EFBC}") = "Command.CatalogApp.Start", "Command\Command.CatalogApp.Start\Command.CatalogApp.Start.csproj", "{2571D639-7810-402F-8D83-EB6047FEF09B}"
EndProject
Project("{FAE04EC0-301F-11D3-BF4B-00C04F79EFBC}") = "Command.CatalogApp.Start.Tests", "Command\Command.CatalogApp.Start.Tests\Command.CatalogApp.Start.Tests.csproj", "{92F96257-FDDA-4FF8-BF8E-5EE9C83D66A3}"
EndProject
Global
	GlobalSection(SolutionConfigurationPlatforms) = preSolution
		Debug|Any CPU = Debug|Any CPU
		Release|Any CPU = Release|Any CPU
	EndGlobalSection
	GlobalSection(ProjectConfigurationPlatforms) = postSolution
		{E1E48DA9-F065-4D64-B16C-F462EAF55313}.Debug|Any CPU.ActiveCfg = Debug|Any CPU
		{E1E48DA9-F065-4D64-B16C-F462EAF55313}.Debug|Any CPU.Build.0 = Debug|Any CPU
		{E1E48DA9-F065-4D64-B16C-F462EAF55313}.Release|Any CPU.ActiveCfg = Release|Any CPU
		{E1E48DA9-F065-4D64-B16C-F462EAF55313}.Release|Any CPU.Build.0 = Release|Any CPU
		{91F59BF3-D993-4C33-8EF5-237474210405}.Debug|Any CPU.ActiveCfg = Debug|Any CPU
		{91F59BF3-D993-4C33-8EF5-237474210405}.Debug|Any CPU.Build.0 = Debug|Any CPU
		{91F59BF3-D993-4C33-8EF5-237474210405}.Release|Any CPU.ActiveCfg = Release|Any CPU
		{91F59BF3-D993-4C33-8EF5-237474210405}.Release|Any CPU.Build.0 = Release|Any CPU
		{862539B9-5140-4A66-9A76-FBE7F5B0DE2F}.Debug|Any CPU.ActiveCfg = Debug|Any CPU
		{862539B9-5140-4A66-9A76-FBE7F5B0DE2F}.Debug|Any CPU.Build.0 = Debug|Any CPU
		{862539B9-5140-4A66-9A76-FBE7F5B0DE2F}.Release|Any CPU.ActiveCfg = Release|Any CPU
		{862539B9-5140-4A66-9A76-FBE7F5B0DE2F}.Release|Any CPU.Build.0 = Release|Any CPU
		{2439F978-155F-456E-A182-7F346509A024}.Debug|Any CPU.ActiveCfg = Debug|Any CPU
		{2439F978-155F-456E-A182-7F346509A024}.Debug|Any CPU.Build.0 = Debug|Any CPU
		{2439F978-155F-456E-A182-7F346509A024}.Release|Any CPU.ActiveCfg = Release|Any CPU
		{2439F978-155F-456E-A182-7F346509A024}.Release|Any CPU.Build.0 = Release|Any CPU
		{429CE9D4-6AE3-4DB5-AF4B-D695631AF202}.Debug|Any CPU.ActiveCfg = Debug|Any CPU
		{429CE9D4-6AE3-4DB5-AF4B-D695631AF202}.Debug|Any CPU.Build.0 = Debug|Any CPU
		{429CE9D4-6AE3-4DB5-AF4B-D695631AF202}.Release|Any CPU.ActiveCfg = Release|Any CPU
		{429CE9D4-6AE3-4DB5-AF4B-D695631AF202}.Release|Any CPU.Build.0 = Release|Any CPU
		{8FE31DA6-70D6-4801-8266-15CC49187ACF}.Debug|Any CPU.ActiveCfg = Debug|Any CPU
		{8FE31DA6-70D6-4801-8266-15CC49187ACF}.Debug|Any CPU.Build.0 = Debug|Any CPU
		{8FE31DA6-70D6-4801-8266-15CC49187ACF}.Release|Any CPU.ActiveCfg = Release|Any CPU
		{8FE31DA6-70D6-4801-8266-15CC49187ACF}.Release|Any CPU.Build.0 = Release|Any CPU
		{EFC20B1E-71A4-4D24-9139-2BBB5488826D}.Debug|Any CPU.ActiveCfg = Debug|Any CPU
		{EFC20B1E-71A4-4D24-9139-2BBB5488826D}.Debug|Any CPU.Build.0 = Debug|Any CPU
		{EFC20B1E-71A4-4D24-9139-2BBB5488826D}.Release|Any CPU.ActiveCfg = Release|Any CPU
		{EFC20B1E-71A4-4D24-9139-2BBB5488826D}.Release|Any CPU.Build.0 = Release|Any CPU
		{81ABE766-C094-4974-A1A9-58B0952A5547}.Debug|Any CPU.ActiveCfg = Debug|Any CPU
		{81ABE766-C094-4974-A1A9-58B0952A5547}.Debug|Any CPU.Build.0 = Debug|Any CPU
		{81ABE766-C094-4974-A1A9-58B0952A5547}.Release|Any CPU.ActiveCfg = Release|Any CPU
		{81ABE766-C094-4974-A1A9-58B0952A5547}.Release|Any CPU.Build.0 = Release|Any CPU
		{2571D639-7810-402F-8D83-EB6047FEF09B}.Debug|Any CPU.ActiveCfg = Debug|Any CPU
		{2571D639-7810-402F-8D83-EB6047FEF09B}.Debug|Any CPU.Build.0 = Debug|Any CPU
		{2571D639-7810-402F-8D83-EB6047FEF09B}.Release|Any CPU.ActiveCfg = Release|Any CPU
		{2571D639-7810-402F-8D83-EB6047FEF09B}.Release|Any CPU.Build.0 = Release|Any CPU
		{92F96257-FDDA-4FF8-BF8E-5EE9C83D66A3}.Debug|Any CPU.ActiveCfg = Debug|Any CPU
		{92F96257-FDDA-4FF8-BF8E-5EE9C83D66A3}.Debug|Any CPU.Build.0 = Debug|Any CPU
		{92F96257-FDDA-4FF8-BF8E-5EE9C83D66A3}.Release|Any CPU.ActiveCfg = Release|Any CPU
		{92F96257-FDDA-4FF8-BF8E-5EE9C83D66A3}.Release|Any CPU.Build.0 = Release|Any CPU
	EndGlobalSection
	GlobalSection(SolutionProperties) = preSolution
		HideSolutionNode = FALSE
	EndGlobalSection
	GlobalSection(NestedProjects) = preSolution
		{E1E48DA9-F065-4D64-B16C-F462EAF55313} = {CA8A4613-EB56-440D-A6D3-4C63524C70C7}
		{91F59BF3-D993-4C33-8EF5-237474210405} = {CA8A4613-EB56-440D-A6D3-4C63524C70C7}
		{862539B9-5140-4A66-9A76-FBE7F5B0DE2F} = {CA8A4613-EB56-440D-A6D3-4C63524C70C7}
		{2439F978-155F-456E-A182-7F346509A024} = {CA8A4613-EB56-440D-A6D3-4C63524C70C7}
		{429CE9D4-6AE3-4DB5-AF4B-D695631AF202} = {DA1A489D-3E47-439F-ADF2-EAB0244C039F}
		{8FE31DA6-70D6-4801-8266-15CC49187ACF} = {DA1A489D-3E47-439F-ADF2-EAB0244C039F}
		{EFC20B1E-71A4-4D24-9139-2BBB5488826D} = {DA1A489D-3E47-439F-ADF2-EAB0244C039F}
		{81ABE766-C094-4974-A1A9-58B0952A5547} = {DA1A489D-3E47-439F-ADF2-EAB0244C039F}
		{2571D639-7810-402F-8D83-EB6047FEF09B} = {CBCBCCF0-ED40-4987-B27F-FF62CF20D6F8}
		{92F96257-FDDA-4FF8-BF8E-5EE9C83D66A3} = {CBCBCCF0-ED40-4987-B27F-FF62CF20D6F8}
	EndGlobalSection
	GlobalSection(ExtensibilityGlobals) = postSolution
		SolutionGuid = {2DBF144A-BC79-4285-B844-317B5A590D69}
	EndGlobalSection
EndGlobal
